// !$*UTF8*$!
{
	archiveVersion = 1;
	classes = {
	};
	objectVersion = 46;
	objects = {

/* Begin PBXBuildFile section */
		AA2973F81B3C55CE008C7FBD /* SettingsViewController.swift in Sources */ = {isa = PBXBuildFile; fileRef = AA2973F71B3C55CE008C7FBD /* SettingsViewController.swift */; };
		AA2973FB1B3C5C79008C7FBD /* CardViewController.swift in Sources */ = {isa = PBXBuildFile; fileRef = AA2973FA1B3C5C79008C7FBD /* CardViewController.swift */; };
		AA2973FE1B3C5CC4008C7FBD /* RulesInfoViewController.swift in Sources */ = {isa = PBXBuildFile; fileRef = AA2973FD1B3C5CC4008C7FBD /* RulesInfoViewController.swift */; };
		AA2974011B3CF043008C7FBD /* CardDataSource.swift in Sources */ = {isa = PBXBuildFile; fileRef = AA2974001B3CF043008C7FBD /* CardDataSource.swift */; };
		AA2974051B3CF31D008C7FBD /* UserDefaultsCardDataSource.swift in Sources */ = {isa = PBXBuildFile; fileRef = AA2974041B3CF31D008C7FBD /* UserDefaultsCardDataSource.swift */; };
		AA2974071B3E0364008C7FBD /* CardBoxView.swift in Sources */ = {isa = PBXBuildFile; fileRef = AA2974061B3E0364008C7FBD /* CardBoxView.swift */; };
		AA29740D1B3F6D8B008C7FBD /* CardBoxViewManager.swift in Sources */ = {isa = PBXBuildFile; fileRef = AA29740C1B3F6D8B008C7FBD /* CardBoxViewManager.swift */; };
		AA29740F1B40ADBB008C7FBD /* Parse.framework in Frameworks */ = {isa = PBXBuildFile; fileRef = AA29740E1B40ADBB008C7FBD /* Parse.framework */; };
		AA2974111B40ADC5008C7FBD /* Bolts.framework in Frameworks */ = {isa = PBXBuildFile; fileRef = AA2974101B40ADC5008C7FBD /* Bolts.framework */; };
		AA2974131B40AE0F008C7FBD /* AudioToolbox.framework in Frameworks */ = {isa = PBXBuildFile; fileRef = AA2974121B40AE0F008C7FBD /* AudioToolbox.framework */; };
		AA2974151B40AE13008C7FBD /* CFNetwork.framework in Frameworks */ = {isa = PBXBuildFile; fileRef = AA2974141B40AE13008C7FBD /* CFNetwork.framework */; };
		AA2974171B40AE20008C7FBD /* CoreGraphics.framework in Frameworks */ = {isa = PBXBuildFile; fileRef = AA2974161B40AE20008C7FBD /* CoreGraphics.framework */; };
		AA2974191B40AE27008C7FBD /* CoreLocation.framework in Frameworks */ = {isa = PBXBuildFile; fileRef = AA2974181B40AE27008C7FBD /* CoreLocation.framework */; };
		AA29741B1B40AE37008C7FBD /* MobileCoreServices.framework in Frameworks */ = {isa = PBXBuildFile; fileRef = AA29741A1B40AE37008C7FBD /* MobileCoreServices.framework */; };
		AA29741D1B40AE40008C7FBD /* QuartzCore.framework in Frameworks */ = {isa = PBXBuildFile; fileRef = AA29741C1B40AE40008C7FBD /* QuartzCore.framework */; };
		AA29741F1B40AE4C008C7FBD /* Security.framework in Frameworks */ = {isa = PBXBuildFile; fileRef = AA29741E1B40AE4C008C7FBD /* Security.framework */; };
		AA2974211B40AE51008C7FBD /* StoreKit.framework in Frameworks */ = {isa = PBXBuildFile; fileRef = AA2974201B40AE51008C7FBD /* StoreKit.framework */; };
		AA2974231B40AE56008C7FBD /* SystemConfiguration.framework in Frameworks */ = {isa = PBXBuildFile; fileRef = AA2974221B40AE56008C7FBD /* SystemConfiguration.framework */; };
		AA2974251B40AE71008C7FBD /* libz.dylib in Frameworks */ = {isa = PBXBuildFile; fileRef = AA2974241B40AE71008C7FBD /* libz.dylib */; };
		AA2974271B40AE7A008C7FBD /* libsqlite3.dylib in Frameworks */ = {isa = PBXBuildFile; fileRef = AA2974261B40AE7A008C7FBD /* libsqlite3.dylib */; };
		AA2974291B40B117008C7FBD /* MustLoginTabBarController.swift in Sources */ = {isa = PBXBuildFile; fileRef = AA2974281B40B117008C7FBD /* MustLoginTabBarController.swift */; };
		AA29742B1B40B24A008C7FBD /* ParseUI.framework in Frameworks */ = {isa = PBXBuildFile; fileRef = AA29742A1B40B24A008C7FBD /* ParseUI.framework */; };
		AA29742F1B40B50E008C7FBD /* Accounts.framework in Frameworks */ = {isa = PBXBuildFile; fileRef = AA29742E1B40B50E008C7FBD /* Accounts.framework */; };
		AA2974311B40B514008C7FBD /* Social.framework in Frameworks */ = {isa = PBXBuildFile; fileRef = AA2974301B40B514008C7FBD /* Social.framework */; };
		AA2974341B40BCEE008C7FBD /* SignUpValidator.swift in Sources */ = {isa = PBXBuildFile; fileRef = AA2974331B40BCEE008C7FBD /* SignUpValidator.swift */; };
		AA2974391B40BFAD008C7FBD /* SignUpValidatorTests.swift in Sources */ = {isa = PBXBuildFile; fileRef = AA2974361B40BEBB008C7FBD /* SignUpValidatorTests.swift */; };
		AA29743A1B40C276008C7FBD /* ParseUI.framework in Frameworks */ = {isa = PBXBuildFile; fileRef = AA29742A1B40B24A008C7FBD /* ParseUI.framework */; };
		AA8906BB1B3BB61300A42646 /* AppDelegate.swift in Sources */ = {isa = PBXBuildFile; fileRef = AA8906BA1B3BB61300A42646 /* AppDelegate.swift */; };
		AA8906C01B3BB61300A42646 /* Main.storyboard in Resources */ = {isa = PBXBuildFile; fileRef = AA8906BE1B3BB61300A42646 /* Main.storyboard */; };
		AA8906C21B3BB61300A42646 /* Images.xcassets in Resources */ = {isa = PBXBuildFile; fileRef = AA8906C11B3BB61300A42646 /* Images.xcassets */; };
		AA8906C51B3BB61300A42646 /* LaunchScreen.xib in Resources */ = {isa = PBXBuildFile; fileRef = AA8906C31B3BB61300A42646 /* LaunchScreen.xib */; };
		AA8906D11B3BB61300A42646 /* PunchOutTabsTests.swift in Sources */ = {isa = PBXBuildFile; fileRef = AA8906D01B3BB61300A42646 /* PunchOutTabsTests.swift */; };
		AA8906DB1B3BC27E00A42646 /* LeaderboardViewController.swift in Sources */ = {isa = PBXBuildFile; fileRef = AA8906DA1B3BC27E00A42646 /* LeaderboardViewController.swift */; };
		AA8906DD1B3BC2A900A42646 /* LeaderboardDataSource.swift in Sources */ = {isa = PBXBuildFile; fileRef = AA8906DC1B3BC2A900A42646 /* LeaderboardDataSource.swift */; };
		AA8906DF1B3BC3B200A42646 /* DummyLeaderboardDataSource.swift in Sources */ = {isa = PBXBuildFile; fileRef = AA8906DE1B3BC3B200A42646 /* DummyLeaderboardDataSource.swift */; };
		AA8906E11B3BC67F00A42646 /* LeaderboardTableViewCell.swift in Sources */ = {isa = PBXBuildFile; fileRef = AA8906E01B3BC67F00A42646 /* LeaderboardTableViewCell.swift */; };
		AA8906E31B3BC8C600A42646 /* LeaderboardElement.swift in Sources */ = {isa = PBXBuildFile; fileRef = AA8906E21B3BC8C600A42646 /* LeaderboardElement.swift */; };
/* End PBXBuildFile section */

/* Begin PBXContainerItemProxy section */
		AA8906CB1B3BB61300A42646 /* PBXContainerItemProxy */ = {
			isa = PBXContainerItemProxy;
			containerPortal = AA8906AD1B3BB61300A42646 /* Project object */;
			proxyType = 1;
			remoteGlobalIDString = AA8906B41B3BB61300A42646;
			remoteInfo = PunchOutTabs;
		};
/* End PBXContainerItemProxy section */

/* Begin PBXFileReference section */
		AA2973F71B3C55CE008C7FBD /* SettingsViewController.swift */ = {isa = PBXFileReference; fileEncoding = 4; lastKnownFileType = sourcecode.swift; path = SettingsViewController.swift; sourceTree = "<group>"; };
		AA2973FA1B3C5C79008C7FBD /* CardViewController.swift */ = {isa = PBXFileReference; fileEncoding = 4; lastKnownFileType = sourcecode.swift; path = CardViewController.swift; sourceTree = "<group>"; };
		AA2973FD1B3C5CC4008C7FBD /* RulesInfoViewController.swift */ = {isa = PBXFileReference; fileEncoding = 4; lastKnownFileType = sourcecode.swift; path = RulesInfoViewController.swift; sourceTree = "<group>"; };
		AA2974001B3CF043008C7FBD /* CardDataSource.swift */ = {isa = PBXFileReference; fileEncoding = 4; lastKnownFileType = sourcecode.swift; path = CardDataSource.swift; sourceTree = "<group>"; };
		AA2974041B3CF31D008C7FBD /* UserDefaultsCardDataSource.swift */ = {isa = PBXFileReference; fileEncoding = 4; lastKnownFileType = sourcecode.swift; path = UserDefaultsCardDataSource.swift; sourceTree = "<group>"; };
		AA2974061B3E0364008C7FBD /* CardBoxView.swift */ = {isa = PBXFileReference; fileEncoding = 4; lastKnownFileType = sourcecode.swift; path = CardBoxView.swift; sourceTree = "<group>"; };
		AA29740C1B3F6D8B008C7FBD /* CardBoxViewManager.swift */ = {isa = PBXFileReference; fileEncoding = 4; lastKnownFileType = sourcecode.swift; path = CardBoxViewManager.swift; sourceTree = "<group>"; };
		AA29740E1B40ADBB008C7FBD /* Parse.framework */ = {isa = PBXFileReference; lastKnownFileType = wrapper.framework; path = Parse.framework; sourceTree = "<group>"; };
		AA2974101B40ADC5008C7FBD /* Bolts.framework */ = {isa = PBXFileReference; lastKnownFileType = wrapper.framework; path = Bolts.framework; sourceTree = "<group>"; };
		AA2974121B40AE0F008C7FBD /* AudioToolbox.framework */ = {isa = PBXFileReference; lastKnownFileType = wrapper.framework; name = AudioToolbox.framework; path = System/Library/Frameworks/AudioToolbox.framework; sourceTree = SDKROOT; };
		AA2974141B40AE13008C7FBD /* CFNetwork.framework */ = {isa = PBXFileReference; lastKnownFileType = wrapper.framework; name = CFNetwork.framework; path = System/Library/Frameworks/CFNetwork.framework; sourceTree = SDKROOT; };
		AA2974161B40AE20008C7FBD /* CoreGraphics.framework */ = {isa = PBXFileReference; lastKnownFileType = wrapper.framework; name = CoreGraphics.framework; path = System/Library/Frameworks/CoreGraphics.framework; sourceTree = SDKROOT; };
		AA2974181B40AE27008C7FBD /* CoreLocation.framework */ = {isa = PBXFileReference; lastKnownFileType = wrapper.framework; name = CoreLocation.framework; path = System/Library/Frameworks/CoreLocation.framework; sourceTree = SDKROOT; };
		AA29741A1B40AE37008C7FBD /* MobileCoreServices.framework */ = {isa = PBXFileReference; lastKnownFileType = wrapper.framework; name = MobileCoreServices.framework; path = System/Library/Frameworks/MobileCoreServices.framework; sourceTree = SDKROOT; };
		AA29741C1B40AE40008C7FBD /* QuartzCore.framework */ = {isa = PBXFileReference; lastKnownFileType = wrapper.framework; name = QuartzCore.framework; path = System/Library/Frameworks/QuartzCore.framework; sourceTree = SDKROOT; };
		AA29741E1B40AE4C008C7FBD /* Security.framework */ = {isa = PBXFileReference; lastKnownFileType = wrapper.framework; name = Security.framework; path = System/Library/Frameworks/Security.framework; sourceTree = SDKROOT; };
		AA2974201B40AE51008C7FBD /* StoreKit.framework */ = {isa = PBXFileReference; lastKnownFileType = wrapper.framework; name = StoreKit.framework; path = System/Library/Frameworks/StoreKit.framework; sourceTree = SDKROOT; };
		AA2974221B40AE56008C7FBD /* SystemConfiguration.framework */ = {isa = PBXFileReference; lastKnownFileType = wrapper.framework; name = SystemConfiguration.framework; path = System/Library/Frameworks/SystemConfiguration.framework; sourceTree = SDKROOT; };
		AA2974241B40AE71008C7FBD /* libz.dylib */ = {isa = PBXFileReference; lastKnownFileType = "compiled.mach-o.dylib"; name = libz.dylib; path = usr/lib/libz.dylib; sourceTree = SDKROOT; };
		AA2974261B40AE7A008C7FBD /* libsqlite3.dylib */ = {isa = PBXFileReference; lastKnownFileType = "compiled.mach-o.dylib"; name = libsqlite3.dylib; path = usr/lib/libsqlite3.dylib; sourceTree = SDKROOT; };
		AA2974281B40B117008C7FBD /* MustLoginTabBarController.swift */ = {isa = PBXFileReference; fileEncoding = 4; lastKnownFileType = sourcecode.swift; path = MustLoginTabBarController.swift; sourceTree = "<group>"; };
		AA29742A1B40B24A008C7FBD /* ParseUI.framework */ = {isa = PBXFileReference; lastKnownFileType = wrapper.framework; name = ParseUI.framework; path = "../../Downloads/parse-library-1.7.5/ParseUI.framework"; sourceTree = "<group>"; };
		AA29742E1B40B50E008C7FBD /* Accounts.framework */ = {isa = PBXFileReference; lastKnownFileType = wrapper.framework; name = Accounts.framework; path = System/Library/Frameworks/Accounts.framework; sourceTree = SDKROOT; };
		AA2974301B40B514008C7FBD /* Social.framework */ = {isa = PBXFileReference; lastKnownFileType = wrapper.framework; name = Social.framework; path = System/Library/Frameworks/Social.framework; sourceTree = SDKROOT; };
		AA2974331B40BCEE008C7FBD /* SignUpValidator.swift */ = {isa = PBXFileReference; fileEncoding = 4; lastKnownFileType = sourcecode.swift; path = SignUpValidator.swift; sourceTree = "<group>"; };
		AA2974361B40BEBB008C7FBD /* SignUpValidatorTests.swift */ = {isa = PBXFileReference; fileEncoding = 4; lastKnownFileType = sourcecode.swift; path = SignUpValidatorTests.swift; sourceTree = "<group>"; };
		AA8906B51B3BB61300A42646 /* PunchOutTabs.app */ = {isa = PBXFileReference; explicitFileType = wrapper.application; includeInIndex = 0; path = PunchOutTabs.app; sourceTree = BUILT_PRODUCTS_DIR; };
		AA8906B91B3BB61300A42646 /* Info.plist */ = {isa = PBXFileReference; lastKnownFileType = text.plist.xml; path = Info.plist; sourceTree = "<group>"; };
		AA8906BA1B3BB61300A42646 /* AppDelegate.swift */ = {isa = PBXFileReference; lastKnownFileType = sourcecode.swift; path = AppDelegate.swift; sourceTree = "<group>"; };
		AA8906BF1B3BB61300A42646 /* Base */ = {isa = PBXFileReference; lastKnownFileType = file.storyboard; name = Base; path = Base.lproj/Main.storyboard; sourceTree = "<group>"; };
		AA8906C11B3BB61300A42646 /* Images.xcassets */ = {isa = PBXFileReference; lastKnownFileType = folder.assetcatalog; path = Images.xcassets; sourceTree = "<group>"; };
		AA8906C41B3BB61300A42646 /* Base */ = {isa = PBXFileReference; lastKnownFileType = file.xib; name = Base; path = Base.lproj/LaunchScreen.xib; sourceTree = "<group>"; };
		AA8906CA1B3BB61300A42646 /* PunchOutTabsTests.xctest */ = {isa = PBXFileReference; explicitFileType = wrapper.cfbundle; includeInIndex = 0; path = PunchOutTabsTests.xctest; sourceTree = BUILT_PRODUCTS_DIR; };
		AA8906CF1B3BB61300A42646 /* Info.plist */ = {isa = PBXFileReference; lastKnownFileType = text.plist.xml; path = Info.plist; sourceTree = "<group>"; };
		AA8906D01B3BB61300A42646 /* PunchOutTabsTests.swift */ = {isa = PBXFileReference; lastKnownFileType = sourcecode.swift; path = PunchOutTabsTests.swift; sourceTree = "<group>"; };
		AA8906DA1B3BC27E00A42646 /* LeaderboardViewController.swift */ = {isa = PBXFileReference; fileEncoding = 4; lastKnownFileType = sourcecode.swift; path = LeaderboardViewController.swift; sourceTree = "<group>"; };
		AA8906DC1B3BC2A900A42646 /* LeaderboardDataSource.swift */ = {isa = PBXFileReference; fileEncoding = 4; lastKnownFileType = sourcecode.swift; path = LeaderboardDataSource.swift; sourceTree = "<group>"; };
		AA8906DE1B3BC3B200A42646 /* DummyLeaderboardDataSource.swift */ = {isa = PBXFileReference; fileEncoding = 4; lastKnownFileType = sourcecode.swift; path = DummyLeaderboardDataSource.swift; sourceTree = "<group>"; };
		AA8906E01B3BC67F00A42646 /* LeaderboardTableViewCell.swift */ = {isa = PBXFileReference; fileEncoding = 4; lastKnownFileType = sourcecode.swift; path = LeaderboardTableViewCell.swift; sourceTree = "<group>"; };
		AA8906E21B3BC8C600A42646 /* LeaderboardElement.swift */ = {isa = PBXFileReference; fileEncoding = 4; lastKnownFileType = sourcecode.swift; path = LeaderboardElement.swift; sourceTree = "<group>"; };
/* End PBXFileReference section */

/* Begin PBXFrameworksBuildPhase section */
		AA8906B21B3BB61300A42646 /* Frameworks */ = {
			isa = PBXFrameworksBuildPhase;
			buildActionMask = 2147483647;
			files = (
				AA2974311B40B514008C7FBD /* Social.framework in Frameworks */,
				AA29742F1B40B50E008C7FBD /* Accounts.framework in Frameworks */,
				AA2974271B40AE7A008C7FBD /* libsqlite3.dylib in Frameworks */,
				AA2974251B40AE71008C7FBD /* libz.dylib in Frameworks */,
				AA29742B1B40B24A008C7FBD /* ParseUI.framework in Frameworks */,
				AA2974231B40AE56008C7FBD /* SystemConfiguration.framework in Frameworks */,
				AA2974211B40AE51008C7FBD /* StoreKit.framework in Frameworks */,
				AA29741F1B40AE4C008C7FBD /* Security.framework in Frameworks */,
				AA29741D1B40AE40008C7FBD /* QuartzCore.framework in Frameworks */,
				AA29741B1B40AE37008C7FBD /* MobileCoreServices.framework in Frameworks */,
				AA2974191B40AE27008C7FBD /* CoreLocation.framework in Frameworks */,
				AA2974171B40AE20008C7FBD /* CoreGraphics.framework in Frameworks */,
				AA2974151B40AE13008C7FBD /* CFNetwork.framework in Frameworks */,
				AA2974131B40AE0F008C7FBD /* AudioToolbox.framework in Frameworks */,
				AA29740F1B40ADBB008C7FBD /* Parse.framework in Frameworks */,
				AA2974111B40ADC5008C7FBD /* Bolts.framework in Frameworks */,
			);
			runOnlyForDeploymentPostprocessing = 0;
		};
		AA8906C71B3BB61300A42646 /* Frameworks */ = {
			isa = PBXFrameworksBuildPhase;
			buildActionMask = 2147483647;
			files = (
				AA29743A1B40C276008C7FBD /* ParseUI.framework in Frameworks */,
			);
			runOnlyForDeploymentPostprocessing = 0;
		};
/* End PBXFrameworksBuildPhase section */

/* Begin PBXGroup section */
		AA2973F61B3C54FC008C7FBD /* Leaderboard */ = {
			isa = PBXGroup;
			children = (
				AA8906DA1B3BC27E00A42646 /* LeaderboardViewController.swift */,
				AA8906DC1B3BC2A900A42646 /* LeaderboardDataSource.swift */,
				AA8906DE1B3BC3B200A42646 /* DummyLeaderboardDataSource.swift */,
				AA8906E01B3BC67F00A42646 /* LeaderboardTableViewCell.swift */,
				AA8906E21B3BC8C600A42646 /* LeaderboardElement.swift */,
			);
			name = Leaderboard;
			sourceTree = "<group>";
		};
		AA2973F91B3C5678008C7FBD /* Settings */ = {
			isa = PBXGroup;
			children = (
				AA2973F71B3C55CE008C7FBD /* SettingsViewController.swift */,
			);
			name = Settings;
			sourceTree = "<group>";
		};
		AA2973FC1B3C5C7D008C7FBD /* Card */ = {
			isa = PBXGroup;
			children = (
				AA2973FA1B3C5C79008C7FBD /* CardViewController.swift */,
				AA2974001B3CF043008C7FBD /* CardDataSource.swift */,
				AA2974041B3CF31D008C7FBD /* UserDefaultsCardDataSource.swift */,
				AA2974061B3E0364008C7FBD /* CardBoxView.swift */,
				AA29740C1B3F6D8B008C7FBD /* CardBoxViewManager.swift */,
			);
			name = Card;
			sourceTree = "<group>";
		};
		AA2973FF1B3C5CC8008C7FBD /* Rules Info */ = {
			isa = PBXGroup;
			children = (
				AA2973FD1B3C5CC4008C7FBD /* RulesInfoViewController.swift */,
			);
			name = "Rules Info";
			sourceTree = "<group>";
		};
		AA2974321B40BCD2008C7FBD /* Login */ = {
			isa = PBXGroup;
			children = (
				AA2974281B40B117008C7FBD /* MustLoginTabBarController.swift */,
				AA2974331B40BCEE008C7FBD /* SignUpValidator.swift */,
			);
			name = Login;
			sourceTree = "<group>";
		};
		AA2974351B40BE9E008C7FBD /* Login */ = {
			isa = PBXGroup;
			children = (
				AA2974361B40BEBB008C7FBD /* SignUpValidatorTests.swift */,
			);
			name = Login;
			sourceTree = "<group>";
		};
		AA8906AC1B3BB61300A42646 = {
			isa = PBXGroup;
			children = (
				AA2974301B40B514008C7FBD /* Social.framework */,
				AA29742E1B40B50E008C7FBD /* Accounts.framework */,
				AA29742A1B40B24A008C7FBD /* ParseUI.framework */,
				AA2974261B40AE7A008C7FBD /* libsqlite3.dylib */,
				AA2974241B40AE71008C7FBD /* libz.dylib */,
				AA2974221B40AE56008C7FBD /* SystemConfiguration.framework */,
				AA2974201B40AE51008C7FBD /* StoreKit.framework */,
				AA29741E1B40AE4C008C7FBD /* Security.framework */,
				AA29741C1B40AE40008C7FBD /* QuartzCore.framework */,
				AA29741A1B40AE37008C7FBD /* MobileCoreServices.framework */,
				AA2974181B40AE27008C7FBD /* CoreLocation.framework */,
				AA2974161B40AE20008C7FBD /* CoreGraphics.framework */,
				AA2974141B40AE13008C7FBD /* CFNetwork.framework */,
				AA2974121B40AE0F008C7FBD /* AudioToolbox.framework */,
				AA2974101B40ADC5008C7FBD /* Bolts.framework */,
				AA29740E1B40ADBB008C7FBD /* Parse.framework */,
				AA8906B71B3BB61300A42646 /* PunchOutTabs */,
				AA8906CD1B3BB61300A42646 /* PunchOutTabsTests */,
				AA8906B61B3BB61300A42646 /* Products */,
			);
			sourceTree = "<group>";
		};
		AA8906B61B3BB61300A42646 /* Products */ = {
			isa = PBXGroup;
			children = (
				AA8906B51B3BB61300A42646 /* PunchOutTabs.app */,
				AA8906CA1B3BB61300A42646 /* PunchOutTabsTests.xctest */,
			);
			name = Products;
			sourceTree = "<group>";
		};
		AA8906B71B3BB61300A42646 /* PunchOutTabs */ = {
			isa = PBXGroup;
			children = (
				AA2974321B40BCD2008C7FBD /* Login */,
				AA8906BA1B3BB61300A42646 /* AppDelegate.swift */,
				AA8906BE1B3BB61300A42646 /* Main.storyboard */,
				AA8906C11B3BB61300A42646 /* Images.xcassets */,
				AA8906C31B3BB61300A42646 /* LaunchScreen.xib */,
				AA8906B81B3BB61300A42646 /* Supporting Files */,
				AA2973F61B3C54FC008C7FBD /* Leaderboard */,
				AA2973F91B3C5678008C7FBD /* Settings */,
				AA2973FC1B3C5C7D008C7FBD /* Card */,
				AA2973FF1B3C5CC8008C7FBD /* Rules Info */,
			);
			path = PunchOutTabs;
			sourceTree = "<group>";
		};
		AA8906B81B3BB61300A42646 /* Supporting Files */ = {
			isa = PBXGroup;
			children = (
				AA8906B91B3BB61300A42646 /* Info.plist */,
			);
			name = "Supporting Files";
			sourceTree = "<group>";
		};
		AA8906CD1B3BB61300A42646 /* PunchOutTabsTests */ = {
			isa = PBXGroup;
			children = (
				AA2974351B40BE9E008C7FBD /* Login */,
				AA8906D01B3BB61300A42646 /* PunchOutTabsTests.swift */,
				AA8906CE1B3BB61300A42646 /* Supporting Files */,
			);
			path = PunchOutTabsTests;
			sourceTree = "<group>";
		};
		AA8906CE1B3BB61300A42646 /* Supporting Files */ = {
			isa = PBXGroup;
			children = (
				AA8906CF1B3BB61300A42646 /* Info.plist */,
			);
			name = "Supporting Files";
			sourceTree = "<group>";
		};
/* End PBXGroup section */

/* Begin PBXNativeTarget section */
		AA8906B41B3BB61300A42646 /* PunchOutTabs */ = {
			isa = PBXNativeTarget;
			buildConfigurationList = AA8906D41B3BB61300A42646 /* Build configuration list for PBXNativeTarget "PunchOutTabs" */;
			buildPhases = (
				AA8906B11B3BB61300A42646 /* Sources */,
				AA8906B21B3BB61300A42646 /* Frameworks */,
				AA8906B31B3BB61300A42646 /* Resources */,
			);
			buildRules = (
			);
			dependencies = (
			);
			name = PunchOutTabs;
			productName = PunchOutTabs;
			productReference = AA8906B51B3BB61300A42646 /* PunchOutTabs.app */;
			productType = "com.apple.product-type.application";
		};
		AA8906C91B3BB61300A42646 /* PunchOutTabsTests */ = {
			isa = PBXNativeTarget;
			buildConfigurationList = AA8906D71B3BB61300A42646 /* Build configuration list for PBXNativeTarget "PunchOutTabsTests" */;
			buildPhases = (
				AA8906C61B3BB61300A42646 /* Sources */,
				AA8906C71B3BB61300A42646 /* Frameworks */,
				AA8906C81B3BB61300A42646 /* Resources */,
			);
			buildRules = (
			);
			dependencies = (
				AA8906CC1B3BB61300A42646 /* PBXTargetDependency */,
			);
			name = PunchOutTabsTests;
			productName = PunchOutTabsTests;
			productReference = AA8906CA1B3BB61300A42646 /* PunchOutTabsTests.xctest */;
			productType = "com.apple.product-type.bundle.unit-test";
		};
/* End PBXNativeTarget section */

/* Begin PBXProject section */
		AA8906AD1B3BB61300A42646 /* Project object */ = {
			isa = PBXProject;
			attributes = {
				LastUpgradeCheck = 0630;
				ORGANIZATIONNAME = "Steve Goldman";
				TargetAttributes = {
					AA8906B41B3BB61300A42646 = {
						CreatedOnToolsVersion = 6.3.2;
						DevelopmentTeam = 47YNLXU8J2;
					};
					AA8906C91B3BB61300A42646 = {
						CreatedOnToolsVersion = 6.3.2;
						TestTargetID = AA8906B41B3BB61300A42646;
					};
				};
			};
			buildConfigurationList = AA8906B01B3BB61300A42646 /* Build configuration list for PBXProject "PunchOutTabs" */;
			compatibilityVersion = "Xcode 3.2";
			developmentRegion = English;
			hasScannedForEncodings = 0;
			knownRegions = (
				en,
				Base,
			);
			mainGroup = AA8906AC1B3BB61300A42646;
			productRefGroup = AA8906B61B3BB61300A42646 /* Products */;
			projectDirPath = "";
			projectRoot = "";
			targets = (
				AA8906B41B3BB61300A42646 /* PunchOutTabs */,
				AA8906C91B3BB61300A42646 /* PunchOutTabsTests */,
			);
		};
/* End PBXProject section */

/* Begin PBXResourcesBuildPhase section */
		AA8906B31B3BB61300A42646 /* Resources */ = {
			isa = PBXResourcesBuildPhase;
			buildActionMask = 2147483647;
			files = (
				AA8906C01B3BB61300A42646 /* Main.storyboard in Resources */,
				AA8906C51B3BB61300A42646 /* LaunchScreen.xib in Resources */,
				AA8906C21B3BB61300A42646 /* Images.xcassets in Resources */,
			);
			runOnlyForDeploymentPostprocessing = 0;
		};
		AA8906C81B3BB61300A42646 /* Resources */ = {
			isa = PBXResourcesBuildPhase;
			buildActionMask = 2147483647;
			files = (
			);
			runOnlyForDeploymentPostprocessing = 0;
		};
/* End PBXResourcesBuildPhase section */

/* Begin PBXSourcesBuildPhase section */
		AA8906B11B3BB61300A42646 /* Sources */ = {
			isa = PBXSourcesBuildPhase;
			buildActionMask = 2147483647;
			files = (
				AA8906DB1B3BC27E00A42646 /* LeaderboardViewController.swift in Sources */,
				AA2974051B3CF31D008C7FBD /* UserDefaultsCardDataSource.swift in Sources */,
				AA2974291B40B117008C7FBD /* MustLoginTabBarController.swift in Sources */,
				AA8906E31B3BC8C600A42646 /* LeaderboardElement.swift in Sources */,
				AA2973F81B3C55CE008C7FBD /* SettingsViewController.swift in Sources */,
				AA8906DF1B3BC3B200A42646 /* DummyLeaderboardDataSource.swift in Sources */,
				AA2973FB1B3C5C79008C7FBD /* CardViewController.swift in Sources */,
				AA8906E11B3BC67F00A42646 /* LeaderboardTableViewCell.swift in Sources */,
				AA2974341B40BCEE008C7FBD /* SignUpValidator.swift in Sources */,
				AA2974011B3CF043008C7FBD /* CardDataSource.swift in Sources */,
				AA29740D1B3F6D8B008C7FBD /* CardBoxViewManager.swift in Sources */,
				AA8906DD1B3BC2A900A42646 /* LeaderboardDataSource.swift in Sources */,
				AA2973FE1B3C5CC4008C7FBD /* RulesInfoViewController.swift in Sources */,
				AA2974071B3E0364008C7FBD /* CardBoxView.swift in Sources */,
				AA8906BB1B3BB61300A42646 /* AppDelegate.swift in Sources */,
			);
			runOnlyForDeploymentPostprocessing = 0;
		};
		AA8906C61B3BB61300A42646 /* Sources */ = {
			isa = PBXSourcesBuildPhase;
			buildActionMask = 2147483647;
			files = (
				AA2974391B40BFAD008C7FBD /* SignUpValidatorTests.swift in Sources */,
				AA8906D11B3BB61300A42646 /* PunchOutTabsTests.swift in Sources */,
			);
			runOnlyForDeploymentPostprocessing = 0;
		};
/* End PBXSourcesBuildPhase section */

/* Begin PBXTargetDependency section */
		AA8906CC1B3BB61300A42646 /* PBXTargetDependency */ = {
			isa = PBXTargetDependency;
			target = AA8906B41B3BB61300A42646 /* PunchOutTabs */;
			targetProxy = AA8906CB1B3BB61300A42646 /* PBXContainerItemProxy */;
		};
/* End PBXTargetDependency section */

/* Begin PBXVariantGroup section */
		AA8906BE1B3BB61300A42646 /* Main.storyboard */ = {
			isa = PBXVariantGroup;
			children = (
				AA8906BF1B3BB61300A42646 /* Base */,
			);
			name = Main.storyboard;
			sourceTree = "<group>";
		};
		AA8906C31B3BB61300A42646 /* LaunchScreen.xib */ = {
			isa = PBXVariantGroup;
			children = (
				AA8906C41B3BB61300A42646 /* Base */,
			);
			name = LaunchScreen.xib;
			sourceTree = "<group>";
		};
/* End PBXVariantGroup section */

/* Begin XCBuildConfiguration section */
		AA8906D21B3BB61300A42646 /* Debug */ = {
			isa = XCBuildConfiguration;
			buildSettings = {
				ALWAYS_SEARCH_USER_PATHS = NO;
				CLANG_CXX_LANGUAGE_STANDARD = "gnu++0x";
				CLANG_CXX_LIBRARY = "libc++";
				CLANG_ENABLE_MODULES = YES;
				CLANG_ENABLE_OBJC_ARC = YES;
				CLANG_WARN_BOOL_CONVERSION = YES;
				CLANG_WARN_CONSTANT_CONVERSION = YES;
				CLANG_WARN_DIRECT_OBJC_ISA_USAGE = YES_ERROR;
				CLANG_WARN_EMPTY_BODY = YES;
				CLANG_WARN_ENUM_CONVERSION = YES;
				CLANG_WARN_INT_CONVERSION = YES;
				CLANG_WARN_OBJC_ROOT_CLASS = YES_ERROR;
				CLANG_WARN_UNREACHABLE_CODE = YES;
				CLANG_WARN__DUPLICATE_METHOD_MATCH = YES;
				"CODE_SIGN_IDENTITY[sdk=iphoneos*]" = "iPhone Developer";
				COPY_PHASE_STRIP = NO;
				DEBUG_INFORMATION_FORMAT = "dwarf-with-dsym";
				ENABLE_STRICT_OBJC_MSGSEND = YES;
				GCC_C_LANGUAGE_STANDARD = gnu99;
				GCC_DYNAMIC_NO_PIC = NO;
				GCC_NO_COMMON_BLOCKS = YES;
				GCC_OPTIMIZATION_LEVEL = 0;
				GCC_PREPROCESSOR_DEFINITIONS = (
					"DEBUG=1",
					"$(inherited)",
				);
				GCC_SYMBOLS_PRIVATE_EXTERN = NO;
				GCC_WARN_64_TO_32_BIT_CONVERSION = YES;
				GCC_WARN_ABOUT_RETURN_TYPE = YES_ERROR;
				GCC_WARN_UNDECLARED_SELECTOR = YES;
				GCC_WARN_UNINITIALIZED_AUTOS = YES_AGGRESSIVE;
				GCC_WARN_UNUSED_FUNCTION = YES;
				GCC_WARN_UNUSED_VARIABLE = YES;
				IPHONEOS_DEPLOYMENT_TARGET = 8.3;
				MTL_ENABLE_DEBUG_INFO = YES;
				ONLY_ACTIVE_ARCH = YES;
				SDKROOT = iphoneos;
				SWIFT_OPTIMIZATION_LEVEL = "-Onone";
				TARGETED_DEVICE_FAMILY = "1,2";
			};
			name = Debug;
		};
		AA8906D31B3BB61300A42646 /* Release */ = {
			isa = XCBuildConfiguration;
			buildSettings = {
				ALWAYS_SEARCH_USER_PATHS = NO;
				CLANG_CXX_LANGUAGE_STANDARD = "gnu++0x";
				CLANG_CXX_LIBRARY = "libc++";
				CLANG_ENABLE_MODULES = YES;
				CLANG_ENABLE_OBJC_ARC = YES;
				CLANG_WARN_BOOL_CONVERSION = YES;
				CLANG_WARN_CONSTANT_CONVERSION = YES;
				CLANG_WARN_DIRECT_OBJC_ISA_USAGE = YES_ERROR;
				CLANG_WARN_EMPTY_BODY = YES;
				CLANG_WARN_ENUM_CONVERSION = YES;
				CLANG_WARN_INT_CONVERSION = YES;
				CLANG_WARN_OBJC_ROOT_CLASS = YES_ERROR;
				CLANG_WARN_UNREACHABLE_CODE = YES;
				CLANG_WARN__DUPLICATE_METHOD_MATCH = YES;
				"CODE_SIGN_IDENTITY[sdk=iphoneos*]" = "iPhone Developer";
				COPY_PHASE_STRIP = NO;
				DEBUG_INFORMATION_FORMAT = "dwarf-with-dsym";
				ENABLE_NS_ASSERTIONS = NO;
				ENABLE_STRICT_OBJC_MSGSEND = YES;
				GCC_C_LANGUAGE_STANDARD = gnu99;
				GCC_NO_COMMON_BLOCKS = YES;
				GCC_WARN_64_TO_32_BIT_CONVERSION = YES;
				GCC_WARN_ABOUT_RETURN_TYPE = YES_ERROR;
				GCC_WARN_UNDECLARED_SELECTOR = YES;
				GCC_WARN_UNINITIALIZED_AUTOS = YES_AGGRESSIVE;
				GCC_WARN_UNUSED_FUNCTION = YES;
				GCC_WARN_UNUSED_VARIABLE = YES;
				IPHONEOS_DEPLOYMENT_TARGET = 8.3;
				MTL_ENABLE_DEBUG_INFO = NO;
				SDKROOT = iphoneos;
				TARGETED_DEVICE_FAMILY = "1,2";
				VALIDATE_PRODUCT = YES;
			};
			name = Release;
		};
		AA8906D51B3BB61300A42646 /* Debug */ = {
			isa = XCBuildConfiguration;
			buildSettings = {
				ASSETCATALOG_COMPILER_APPICON_NAME = AppIcon;
				CODE_SIGN_IDENTITY = "iPhone Developer";
				"CODE_SIGN_IDENTITY[sdk=iphoneos*]" = "iPhone Developer";
				FRAMEWORK_SEARCH_PATHS = (
					"$(inherited)",
					"$(PROJECT_DIR)",
					"/Users/steve/Downloads/parse-library-1.7.5",
				);
				INFOPLIST_FILE = PunchOutTabs/Info.plist;
				LD_RUNPATH_SEARCH_PATHS = "$(inherited) @executable_path/Frameworks";
				PRODUCT_NAME = "$(TARGET_NAME)";
				PROVISIONING_PROFILE = "";
			};
			name = Debug;
		};
		AA8906D61B3BB61300A42646 /* Release */ = {
			isa = XCBuildConfiguration;
			buildSettings = {
				ASSETCATALOG_COMPILER_APPICON_NAME = AppIcon;
				CODE_SIGN_IDENTITY = "iPhone Developer";
				"CODE_SIGN_IDENTITY[sdk=iphoneos*]" = "iPhone Developer";
				FRAMEWORK_SEARCH_PATHS = (
					"$(inherited)",
					"$(PROJECT_DIR)",
					"/Users/steve/Downloads/parse-library-1.7.5",
				);
				INFOPLIST_FILE = PunchOutTabs/Info.plist;
				LD_RUNPATH_SEARCH_PATHS = "$(inherited) @executable_path/Frameworks";
				PRODUCT_NAME = "$(TARGET_NAME)";
				PROVISIONING_PROFILE = "";
			};
			name = Release;
		};
		AA8906D81B3BB61300A42646 /* Debug */ = {
			isa = XCBuildConfiguration;
			buildSettings = {
				BUNDLE_LOADER = "$(TEST_HOST)";
				FRAMEWORK_SEARCH_PATHS = (
					"$(SDKROOT)/Developer/Library/Frameworks",
					"$(inherited)",
					"/Users/steve/Downloads/parse-library-1.7.5",
				);
				GCC_PREPROCESSOR_DEFINITIONS = (
					"DEBUG=1",
					"$(inherited)",
				);
				INFOPLIST_FILE = PunchOutTabsTests/Info.plist;
				LD_RUNPATH_SEARCH_PATHS = "$(inherited) @executable_path/Frameworks @loader_path/Frameworks";
				PRODUCT_NAME = "$(TARGET_NAME)";
				TEST_HOST = "$(BUILT_PRODUCTS_DIR)/PunchOutTabs.app/PunchOutTabs";
			};
			name = Debug;
		};
		AA8906D91B3BB61300A42646 /* Release */ = {
			isa = XCBuildConfiguration;
			buildSettings = {
				BUNDLE_LOADER = "$(TEST_HOST)";
				FRAMEWORK_SEARCH_PATHS = (
					"$(SDKROOT)/Developer/Library/Frameworks",
					"$(inherited)",
					"/Users/steve/Downloads/parse-library-1.7.5",
				);
				INFOPLIST_FILE = PunchOutTabsTests/Info.plist;
				LD_RUNPATH_SEARCH_PATHS = "$(inherited) @executable_path/Frameworks @loader_path/Frameworks";
				PRODUCT_NAME = "$(TARGET_NAME)";
				TEST_HOST = "$(BUILT_PRODUCTS_DIR)/PunchOutTabs.app/PunchOutTabs";
			};
			name = Release;
		};
/* End XCBuildConfiguration section */

/* Begin XCConfigurationList section */
		AA8906B01B3BB61300A42646 /* Build configuration list for PBXProject "PunchOutTabs" */ = {
			isa = XCConfigurationList;
			buildConfigurations = (
				AA8906D21B3BB61300A42646 /* Debug */,
				AA8906D31B3BB61300A42646 /* Release */,
			);
			defaultConfigurationIsVisible = 0;
			defaultConfigurationName = Release;
		};
		AA8906D41B3BB61300A42646 /* Build configuration list for PBXNativeTarget "PunchOutTabs" */ = {
			isa = XCConfigurationList;
			buildConfigurations = (
				AA8906D51B3BB61300A42646 /* Debug */,
				AA8906D61B3BB61300A42646 /* Release */,
			);
			defaultConfigurationIsVisible = 0;
			defaultConfigurationName = Release;
		};
		AA8906D71B3BB61300A42646 /* Build configuration list for PBXNativeTarget "PunchOutTabsTests" */ = {
			isa = XCConfigurationList;
			buildConfigurations = (
				AA8906D81B3BB61300A42646 /* Debug */,
				AA8906D91B3BB61300A42646 /* Release */,
			);
			defaultConfigurationIsVisible = 0;
			defaultConfigurationName = Release;
		};
/* End XCConfigurationList section */
	};
	rootObject = AA8906AD1B3BB61300A42646 /* Project object */;
}
